{
  "name": "videoAgent",
  "lockfileVersion": 3,
  "requires": true,
  "packages": {
    "": {
      "dependencies": {
        "browseros-cli": "^0.2.2"
      }
    },
    "node_modules/browseros-cli": {
      "version": "0.2.2",
      "resolved": "https://registry.npmjs.org/browseros-cli/-/browseros-cli-0.2.2.tgz",
      "integrity": "sha512-KOvXmbq5tEP0+pte0AtHmzuw9hM26ng0rCkmQnySekQudaLDMltpR8vvsbmLXhaoYwTSDGV9GUM06DrmGkfIfg==",
      "cpu": [
        "x64",
        "arm64"
      ],
      "hasInstallScript": true,
      "license": "MIT",
      "os": [
        "darwin",
        "linux",
        "win32"
      ],
      "bin": {
        "browseros-cli": "bin/browseros-cli.js"
      },
      "engines": {
        "node": ">=18"
      }
    }
  }
}
